
Microsoft Visual Studio Solution File, Format Version 12.00
# Visual Studio Version 17
VisualStudioVersion = 17.10.35027.167
MinimumVisualStudioVersion = 10.0.40219.1
Project("{FAE04EC0-301F-11D3-BF4B-00C04F79EFBC}") = "UtilityBotHW", "UtilityBotHW\UtilityBotHW.csproj", "{44001CDB-3608-4A83-B514-CC8A65663029}"
EndProject
Global
	GlobalSection(SolutionConfigurationPlatforms) = preSolution
		Debug|Any CPU = Debug|Any CPU
		Release|Any CPU = Release|Any CPU
	EndGlobalSection
	GlobalSection(ProjectConfigurationPlatforms) = postSolution
		{44001CDB-3608-4A83-B514-CC8A65663029}.Debug|Any CPU.ActiveCfg = Debug|Any CPU
		{44001CDB-3608-4A83-B514-CC8A65663029}.Debug|Any CPU.Build.0 = Debug|Any CPU
		{44001CDB-3608-4A83-B514-CC8A65663029}.Release|Any CPU.ActiveCfg = Release|Any CPU
		{44001CDB-3608-4A83-B514-CC8A65663029}.Release|Any CPU.Build.0 = Release|Any CPU
	EndGlobalSection
	GlobalSection(SolutionProperties) = preSolution
		HideSolutionNode = FALSE
	EndGlobalSection
	GlobalSection(ExtensibilityGlobals) = postSolution
		SolutionGuid = {53928A10-0D1E-4574-94DA-6F3FC7C6963F}
	EndGlobalSection
EndGlobal
